
Microsoft Visual Studio Solution File, Format Version 12.00
# Visual Studio 14
VisualStudioVersion = 14.0.25420.1
MinimumVisualStudioVersion = 10.0.40219.1
Project("{FAE04EC0-301F-11D3-BF4B-00C04F79EFBC}") = "0.01_Intro", "0.01_Intro\0.01_Intro.csproj", "{3CDC223B-02E9-4C1D-A95D-89B0FD529447}"
EndProject
Project("{FAE04EC0-301F-11D3-BF4B-00C04F79EFBC}") = "0.02_BasicTypes", "0.02_BasicTypes\0.02_BasicTypes.csproj", "{6CE13EA2-8AF8-4457-8E2A-407600D9D2CC}"
EndProject
Project("{FAE04EC0-301F-11D3-BF4B-00C04F79EFBC}") = "0.02_BasicTypes_Challenges", "0.02_BasicTypes_Challenges\0.02_BasicTypes_Challenges.csproj", "{380C38D4-BE80-4BDA-99E7-B7C3E1896436}"
EndProject
Project("{FAE04EC0-301F-11D3-BF4B-00C04F79EFBC}") = "0.03_strings", "0.03_strings\0.03_strings.csproj", "{B42F75F5-026E-4E94-B517-74E848A142B3}"
EndProject
Project("{FAE04EC0-301F-11D3-BF4B-00C04F79EFBC}") = "0.03_String_Challenges", "0.03_String_Challenges\0.03_String_Challenges.csproj", "{80B2F34C-24A9-42DA-8280-BF2B502104DB}"
EndProject
Project("{FAE04EC0-301F-11D3-BF4B-00C04F79EFBC}") = "0.04_Conditional_If", "0.04_Conditional_If\0.04_Conditional_If.csproj", "{32B5C1F8-EDC1-4D1E-AE77-0999C63CA84C}"
EndProject
Project("{FAE04EC0-301F-11D3-BF4B-00C04F79EFBC}") = "0.04_Conditionals_If_Else", "0.04_Conditionals_If_Else\0.04_Conditionals_If_Else.csproj", "{C84B576F-91DF-4987-ADB3-6AE8CE3045CD}"
EndProject
Project("{FAE04EC0-301F-11D3-BF4B-00C04F79EFBC}") = "0.04_Conditional_Else_If", "0.04_Conditional_Else_If\0.04_Conditional_Else_If.csproj", "{514B4D09-23CF-4A52-9FCA-4C27CD846650}"
EndProject
Project("{FAE04EC0-301F-11D3-BF4B-00C04F79EFBC}") = "0.04_conditionals_ReadLine", "0.04_conditionals_ReadLine\0.04_conditionals_ReadLine.csproj", "{3603878F-720B-4C3E-81DA-7F011DE47930}"
EndProject
Project("{FAE04EC0-301F-11D3-BF4B-00C04F79EFBC}") = "0.04_Conditional_Switch", "0.04_Conditional_Switch\0.04_Conditional_Switch.csproj", "{3AC3DFC3-9D72-4952-91FF-9199195E0FD3}"
EndProject
Project("{FAE04EC0-301F-11D3-BF4B-00C04F79EFBC}") = "0.04_Conditional_Ternary", "0.04_Conditional_Ternary\0.04_Conditional_Ternary.csproj", "{7BB5445F-A63E-4A46-8C4C-1203516347EE}"
EndProject
Global
	GlobalSection(SolutionConfigurationPlatforms) = preSolution
		Debug|Any CPU = Debug|Any CPU
		Release|Any CPU = Release|Any CPU
	EndGlobalSection
	GlobalSection(ProjectConfigurationPlatforms) = postSolution
		{3CDC223B-02E9-4C1D-A95D-89B0FD529447}.Debug|Any CPU.ActiveCfg = Debug|Any CPU
		{3CDC223B-02E9-4C1D-A95D-89B0FD529447}.Debug|Any CPU.Build.0 = Debug|Any CPU
		{3CDC223B-02E9-4C1D-A95D-89B0FD529447}.Release|Any CPU.ActiveCfg = Release|Any CPU
		{3CDC223B-02E9-4C1D-A95D-89B0FD529447}.Release|Any CPU.Build.0 = Release|Any CPU
		{6CE13EA2-8AF8-4457-8E2A-407600D9D2CC}.Debug|Any CPU.ActiveCfg = Debug|Any CPU
		{6CE13EA2-8AF8-4457-8E2A-407600D9D2CC}.Debug|Any CPU.Build.0 = Debug|Any CPU
		{6CE13EA2-8AF8-4457-8E2A-407600D9D2CC}.Release|Any CPU.ActiveCfg = Release|Any CPU
		{6CE13EA2-8AF8-4457-8E2A-407600D9D2CC}.Release|Any CPU.Build.0 = Release|Any CPU
		{380C38D4-BE80-4BDA-99E7-B7C3E1896436}.Debug|Any CPU.ActiveCfg = Debug|Any CPU
		{380C38D4-BE80-4BDA-99E7-B7C3E1896436}.Debug|Any CPU.Build.0 = Debug|Any CPU
		{380C38D4-BE80-4BDA-99E7-B7C3E1896436}.Release|Any CPU.ActiveCfg = Release|Any CPU
		{380C38D4-BE80-4BDA-99E7-B7C3E1896436}.Release|Any CPU.Build.0 = Release|Any CPU
		{B42F75F5-026E-4E94-B517-74E848A142B3}.Debug|Any CPU.ActiveCfg = Debug|Any CPU
		{B42F75F5-026E-4E94-B517-74E848A142B3}.Debug|Any CPU.Build.0 = Debug|Any CPU
		{B42F75F5-026E-4E94-B517-74E848A142B3}.Release|Any CPU.ActiveCfg = Release|Any CPU
		{B42F75F5-026E-4E94-B517-74E848A142B3}.Release|Any CPU.Build.0 = Release|Any CPU
		{80B2F34C-24A9-42DA-8280-BF2B502104DB}.Debug|Any CPU.ActiveCfg = Debug|Any CPU
		{80B2F34C-24A9-42DA-8280-BF2B502104DB}.Debug|Any CPU.Build.0 = Debug|Any CPU
		{80B2F34C-24A9-42DA-8280-BF2B502104DB}.Release|Any CPU.ActiveCfg = Release|Any CPU
		{80B2F34C-24A9-42DA-8280-BF2B502104DB}.Release|Any CPU.Build.0 = Release|Any CPU
		{32B5C1F8-EDC1-4D1E-AE77-0999C63CA84C}.Debug|Any CPU.ActiveCfg = Debug|Any CPU
		{32B5C1F8-EDC1-4D1E-AE77-0999C63CA84C}.Debug|Any CPU.Build.0 = Debug|Any CPU
		{32B5C1F8-EDC1-4D1E-AE77-0999C63CA84C}.Release|Any CPU.ActiveCfg = Release|Any CPU
		{32B5C1F8-EDC1-4D1E-AE77-0999C63CA84C}.Release|Any CPU.Build.0 = Release|Any CPU
		{C84B576F-91DF-4987-ADB3-6AE8CE3045CD}.Debug|Any CPU.ActiveCfg = Debug|Any CPU
		{C84B576F-91DF-4987-ADB3-6AE8CE3045CD}.Debug|Any CPU.Build.0 = Debug|Any CPU
		{C84B576F-91DF-4987-ADB3-6AE8CE3045CD}.Release|Any CPU.ActiveCfg = Release|Any CPU
		{C84B576F-91DF-4987-ADB3-6AE8CE3045CD}.Release|Any CPU.Build.0 = Release|Any CPU
		{514B4D09-23CF-4A52-9FCA-4C27CD846650}.Debug|Any CPU.ActiveCfg = Debug|Any CPU
		{514B4D09-23CF-4A52-9FCA-4C27CD846650}.Debug|Any CPU.Build.0 = Debug|Any CPU
		{514B4D09-23CF-4A52-9FCA-4C27CD846650}.Release|Any CPU.ActiveCfg = Release|Any CPU
		{514B4D09-23CF-4A52-9FCA-4C27CD846650}.Release|Any CPU.Build.0 = Release|Any CPU
		{3603878F-720B-4C3E-81DA-7F011DE47930}.Debug|Any CPU.ActiveCfg = Debug|Any CPU
		{3603878F-720B-4C3E-81DA-7F011DE47930}.Debug|Any CPU.Build.0 = Debug|Any CPU
		{3603878F-720B-4C3E-81DA-7F011DE47930}.Release|Any CPU.ActiveCfg = Release|Any CPU
		{3603878F-720B-4C3E-81DA-7F011DE47930}.Release|Any CPU.Build.0 = Release|Any CPU
		{3AC3DFC3-9D72-4952-91FF-9199195E0FD3}.Debug|Any CPU.ActiveCfg = Debug|Any CPU
		{3AC3DFC3-9D72-4952-91FF-9199195E0FD3}.Debug|Any CPU.Build.0 = Debug|Any CPU
		{3AC3DFC3-9D72-4952-91FF-9199195E0FD3}.Release|Any CPU.ActiveCfg = Release|Any CPU
		{3AC3DFC3-9D72-4952-91FF-9199195E0FD3}.Release|Any CPU.Build.0 = Release|Any CPU
		{7BB5445F-A63E-4A46-8C4C-1203516347EE}.Debug|Any CPU.ActiveCfg = Debug|Any CPU
		{7BB5445F-A63E-4A46-8C4C-1203516347EE}.Debug|Any CPU.Build.0 = Debug|Any CPU
		{7BB5445F-A63E-4A46-8C4C-1203516347EE}.Release|Any CPU.ActiveCfg = Release|Any CPU
		{7BB5445F-A63E-4A46-8C4C-1203516347EE}.Release|Any CPU.Build.0 = Release|Any CPU
	EndGlobalSection
	GlobalSection(SolutionProperties) = preSolution
		HideSolutionNode = FALSE
	EndGlobalSection
EndGlobal
